
Microsoft Visual Studio Solution File, Format Version 12.00
# Visual Studio Version 17
VisualStudioVersion = 17.2.32630.192
MinimumVisualStudioVersion = 10.0.40219.1
Project("{9A19103F-16F7-4668-BE54-9A1E7A4F7556}") = "WeatherAPI", "src\WeatherAPI\WeatherAPI.csproj", "{08D80A2A-1934-4679-9946-40FF63292A1A}"
EndProject
Project("{9A19103F-16F7-4668-BE54-9A1E7A4F7556}") = "WeatherUI", "src\WeatherUI\WeatherUI.csproj", "{3ADF5B37-DB7F-4159-9157-64F1984C6EE1}"
EndProject
Global
	GlobalSection(SolutionConfigurationPlatforms) = preSolution
		Debug|Any CPU = Debug|Any CPU
		Release|Any CPU = Release|Any CPU
	EndGlobalSection
	GlobalSection(ProjectConfigurationPlatforms) = postSolution
		{08D80A2A-1934-4679-9946-40FF63292A1A}.Debug|Any CPU.ActiveCfg = Debug|Any CPU
		{08D80A2A-1934-4679-9946-40FF63292A1A}.Debug|Any CPU.Build.0 = Debug|Any CPU
		{08D80A2A-1934-4679-9946-40FF63292A1A}.Release|Any CPU.ActiveCfg = Release|Any CPU
		{08D80A2A-1934-4679-9946-40FF63292A1A}.Release|Any CPU.Build.0 = Release|Any CPU
		{3ADF5B37-DB7F-4159-9157-64F1984C6EE1}.Debug|Any CPU.ActiveCfg = Debug|Any CPU
		{3ADF5B37-DB7F-4159-9157-64F1984C6EE1}.Debug|Any CPU.Build.0 = Debug|Any CPU
		{3ADF5B37-DB7F-4159-9157-64F1984C6EE1}.Release|Any CPU.ActiveCfg = Release|Any CPU
		{3ADF5B37-DB7F-4159-9157-64F1984C6EE1}.Release|Any CPU.Build.0 = Release|Any CPU
	EndGlobalSection
	GlobalSection(SolutionProperties) = preSolution
		HideSolutionNode = FALSE
	EndGlobalSection
	GlobalSection(ExtensibilityGlobals) = postSolution
		SolutionGuid = {B9F57FE4-A81B-4A75-8F1B-FEC7F1369223}
	EndGlobalSection
EndGlobal
